// !$*UTF8*$!
{
	archiveVersion = 1;
	classes = {
	};
	objectVersion = 50;
	objects = {

/* Begin PBXBuildFile section */
		C738C49E24D7DCBF005EDEC1 /* AppDelegate.swift in Sources */ = {isa = PBXBuildFile; fileRef = C738C49D24D7DCBF005EDEC1 /* AppDelegate.swift */; };
		C738C4A024D7DCBF005EDEC1 /* SceneDelegate.swift in Sources */ = {isa = PBXBuildFile; fileRef = C738C49F24D7DCBF005EDEC1 /* SceneDelegate.swift */; };
		C738C4A224D7DCBF005EDEC1 /* ViewController.swift in Sources */ = {isa = PBXBuildFile; fileRef = C738C4A124D7DCBF005EDEC1 /* ViewController.swift */; };
		C738C4A524D7DCBF005EDEC1 /* Main.storyboard in Resources */ = {isa = PBXBuildFile; fileRef = C738C4A324D7DCBF005EDEC1 /* Main.storyboard */; };
		C738C4A724D7DCC3005EDEC1 /* Assets.xcassets in Resources */ = {isa = PBXBuildFile; fileRef = C738C4A624D7DCC3005EDEC1 /* Assets.xcassets */; };
		C738C4AA24D7DCC3005EDEC1 /* LaunchScreen.storyboard in Resources */ = {isa = PBXBuildFile; fileRef = C738C4A824D7DCC3005EDEC1 /* LaunchScreen.storyboard */; };
		C738C4B524D7DCC4005EDEC1 /* tipTests.swift in Sources */ = {isa = PBXBuildFile; fileRef = C738C4B424D7DCC4005EDEC1 /* tipTests.swift */; };
		C738C4C024D7DCC4005EDEC1 /* tipUITests.swift in Sources */ = {isa = PBXBuildFile; fileRef = C738C4BF24D7DCC4005EDEC1 /* tipUITests.swift */; };
/* End PBXBuildFile section */

/* Begin PBXContainerItemProxy section */
		C738C4B124D7DCC4005EDEC1 /* PBXContainerItemProxy */ = {
			isa = PBXContainerItemProxy;
			containerPortal = C738C49224D7DCBF005EDEC1 /* Project object */;
			proxyType = 1;
			remoteGlobalIDString = C738C49924D7DCBF005EDEC1;
			remoteInfo = tip;
		};
		C738C4BC24D7DCC4005EDEC1 /* PBXContainerItemProxy */ = {
			isa = PBXContainerItemProxy;
			containerPortal = C738C49224D7DCBF005EDEC1 /* Project object */;
			proxyType = 1;
			remoteGlobalIDString = C738C49924D7DCBF005EDEC1;
			remoteInfo = tip;
		};
/* End PBXContainerItemProxy section */

/* Begin PBXFileReference section */
		C738C49A24D7DCBF005EDEC1 /* tip.app */ = {isa = PBXFileReference; explicitFileType = wrapper.application; includeInIndex = 0; path = tip.app; sourceTree = BUILT_PRODUCTS_DIR; };
		C738C49D24D7DCBF005EDEC1 /* AppDelegate.swift */ = {isa = PBXFileReference; lastKnownFileType = sourcecode.swift; path = AppDelegate.swift; sourceTree = "<group>"; };
		C738C49F24D7DCBF005EDEC1 /* SceneDelegate.swift */ = {isa = PBXFileReference; lastKnownFileType = sourcecode.swift; path = SceneDelegate.swift; sourceTree = "<group>"; };
		C738C4A124D7DCBF005EDEC1 /* ViewController.swift */ = {isa = PBXFileReference; lastKnownFileType = sourcecode.swift; path = ViewController.swift; sourceTree = "<group>"; };
		C738C4A424D7DCBF005EDEC1 /* Base */ = {isa = PBXFileReference; lastKnownFileType = file.storyboard; name = Base; path = Base.lproj/Main.storyboard; sourceTree = "<group>"; };
		C738C4A624D7DCC3005EDEC1 /* Assets.xcassets */ = {isa = PBXFileReference; lastKnownFileType = folder.assetcatalog; path = Assets.xcassets; sourceTree = "<group>"; };
		C738C4A924D7DCC3005EDEC1 /* Base */ = {isa = PBXFileReference; lastKnownFileType = file.storyboard; name = Base; path = Base.lproj/LaunchScreen.storyboard; sourceTree = "<group>"; };
		C738C4AB24D7DCC3005EDEC1 /* Info.plist */ = {isa = PBXFileReference; lastKnownFileType = text.plist.xml; path = Info.plist; sourceTree = "<group>"; };
		C738C4B024D7DCC4005EDEC1 /* tipTests.xctest */ = {isa = PBXFileReference; explicitFileType = wrapper.cfbundle; includeInIndex = 0; path = tipTests.xctest; sourceTree = BUILT_PRODUCTS_DIR; };
		C738C4B424D7DCC4005EDEC1 /* tipTests.swift */ = {isa = PBXFileReference; lastKnownFileType = sourcecode.swift; path = tipTests.swift; sourceTree = "<group>"; };
		C738C4B624D7DCC4005EDEC1 /* Info.plist */ = {isa = PBXFileReference; lastKnownFileType = text.plist.xml; path = Info.plist; sourceTree = "<group>"; };
		C738C4BB24D7DCC4005EDEC1 /* tipUITests.xctest */ = {isa = PBXFileReference; explicitFileType = wrapper.cfbundle; includeInIndex = 0; path = tipUITests.xctest; sourceTree = BUILT_PRODUCTS_DIR; };
		C738C4BF24D7DCC4005EDEC1 /* tipUITests.swift */ = {isa = PBXFileReference; lastKnownFileType = sourcecode.swift; path = tipUITests.swift; sourceTree = "<group>"; };
		C738C4C124D7DCC4005EDEC1 /* Info.plist */ = {isa = PBXFileReference; lastKnownFileType = text.plist.xml; path = Info.plist; sourceTree = "<group>"; };
/* End PBXFileReference section */

/* Begin PBXFrameworksBuildPhase section */
		C738C49724D7DCBF005EDEC1 /* Frameworks */ = {
			isa = PBXFrameworksBuildPhase;
			buildActionMask = 2147483647;
			files = (
			);
			runOnlyForDeploymentPostprocessing = 0;
		};
		C738C4AD24D7DCC4005EDEC1 /* Frameworks */ = {
			isa = PBXFrameworksBuildPhase;
			buildActionMask = 2147483647;
			files = (
			);
			runOnlyForDeploymentPostprocessing = 0;
		};
		C738C4B824D7DCC4005EDEC1 /* Frameworks */ = {
			isa = PBXFrameworksBuildPhase;
			buildActionMask = 2147483647;
			files = (
			);
			runOnlyForDeploymentPostprocessing = 0;
		};
/* End PBXFrameworksBuildPhase section */

/* Begin PBXGroup section */
		C738C49124D7DCBF005EDEC1 = {
			isa = PBXGroup;
			children = (
				C738C49C24D7DCBF005EDEC1 /* tip */,
				C738C4B324D7DCC4005EDEC1 /* tipTests */,
				C738C4BE24D7DCC4005EDEC1 /* tipUITests */,
				C738C49B24D7DCBF005EDEC1 /* Products */,
			);
			sourceTree = "<group>";
		};
		C738C49B24D7DCBF005EDEC1 /* Products */ = {
			isa = PBXGroup;
			children = (
				C738C49A24D7DCBF005EDEC1 /* tip.app */,
				C738C4B024D7DCC4005EDEC1 /* tipTests.xctest */,
				C738C4BB24D7DCC4005EDEC1 /* tipUITests.xctest */,
			);
			name = Products;
			sourceTree = "<group>";
		};
		C738C49C24D7DCBF005EDEC1 /* tip */ = {
			isa = PBXGroup;
			children = (
				C738C49D24D7DCBF005EDEC1 /* AppDelegate.swift */,
				C738C49F24D7DCBF005EDEC1 /* SceneDelegate.swift */,
				C738C4A124D7DCBF005EDEC1 /* ViewController.swift */,
				C738C4A324D7DCBF005EDEC1 /* Main.storyboard */,
				C738C4A624D7DCC3005EDEC1 /* Assets.xcassets */,
				C738C4A824D7DCC3005EDEC1 /* LaunchScreen.storyboard */,
				C738C4AB24D7DCC3005EDEC1 /* Info.plist */,
			);
			path = tip;
			sourceTree = "<group>";
		};
		C738C4B324D7DCC4005EDEC1 /* tipTests */ = {
			isa = PBXGroup;
			children = (
				C738C4B424D7DCC4005EDEC1 /* tipTests.swift */,
				C738C4B624D7DCC4005EDEC1 /* Info.plist */,
			);
			path = tipTests;
			sourceTree = "<group>";
		};
		C738C4BE24D7DCC4005EDEC1 /* tipUITests */ = {
			isa = PBXGroup;
			children = (
				C738C4BF24D7DCC4005EDEC1 /* tipUITests.swift */,
				C738C4C124D7DCC4005EDEC1 /* Info.plist */,
			);
			path = tipUITests;
			sourceTree = "<group>";
		};
/* End PBXGroup section */

/* Begin PBXNativeTarget section */
		C738C49924D7DCBF005EDEC1 /* tip */ = {
			isa = PBXNativeTarget;
			buildConfigurationList = C738C4C424D7DCC4005EDEC1 /* Build configuration list for PBXNativeTarget "tip" */;
			buildPhases = (
				C738C49624D7DCBF005EDEC1 /* Sources */,
				C738C49724D7DCBF005EDEC1 /* Frameworks */,
				C738C49824D7DCBF005EDEC1 /* Resources */,
			);
			buildRules = (
			);
			dependencies = (
			);
			name = tip;
			productName = tip;
			productReference = C738C49A24D7DCBF005EDEC1 /* tip.app */;
			productType = "com.apple.product-type.application";
		};
		C738C4AF24D7DCC4005EDEC1 /* tipTests */ = {
			isa = PBXNativeTarget;
			buildConfigurationList = C738C4C724D7DCC4005EDEC1 /* Build configuration list for PBXNativeTarget "tipTests" */;
			buildPhases = (
				C738C4AC24D7DCC4005EDEC1 /* Sources */,
				C738C4AD24D7DCC4005EDEC1 /* Frameworks */,
				C738C4AE24D7DCC4005EDEC1 /* Resources */,
			);
			buildRules = (
			);
			dependencies = (
				C738C4B224D7DCC4005EDEC1 /* PBXTargetDependency */,
			);
			name = tipTests;
			productName = tipTests;
			productReference = C738C4B024D7DCC4005EDEC1 /* tipTests.xctest */;
			productType = "com.apple.product-type.bundle.unit-test";
		};
		C738C4BA24D7DCC4005EDEC1 /* tipUITests */ = {
			isa = PBXNativeTarget;
			buildConfigurationList = C738C4CA24D7DCC4005EDEC1 /* Build configuration list for PBXNativeTarget "tipUITests" */;
			buildPhases = (
				C738C4B724D7DCC4005EDEC1 /* Sources */,
				C738C4B824D7DCC4005EDEC1 /* Frameworks */,
				C738C4B924D7DCC4005EDEC1 /* Resources */,
			);
			buildRules = (
			);
			dependencies = (
				C738C4BD24D7DCC4005EDEC1 /* PBXTargetDependency */,
			);
			name = tipUITests;
			productName = tipUITests;
			productReference = C738C4BB24D7DCC4005EDEC1 /* tipUITests.xctest */;
			productType = "com.apple.product-type.bundle.ui-testing";
		};
/* End PBXNativeTarget section */

/* Begin PBXProject section */
		C738C49224D7DCBF005EDEC1 /* Project object */ = {
			isa = PBXProject;
			attributes = {
				LastSwiftUpdateCheck = 1160;
				LastUpgradeCheck = 1160;
				ORGANIZATIONNAME = Codepath;
				TargetAttributes = {
					C738C49924D7DCBF005EDEC1 = {
						CreatedOnToolsVersion = 11.6;
					};
					C738C4AF24D7DCC4005EDEC1 = {
						CreatedOnToolsVersion = 11.6;
						TestTargetID = C738C49924D7DCBF005EDEC1;
					};
					C738C4BA24D7DCC4005EDEC1 = {
						CreatedOnToolsVersion = 11.6;
						TestTargetID = C738C49924D7DCBF005EDEC1;
					};
				};
			};
			buildConfigurationList = C738C49524D7DCBF005EDEC1 /* Build configuration list for PBXProject "tip" */;
			compatibilityVersion = "Xcode 9.3";
			developmentRegion = en;
			hasScannedForEncodings = 0;
			knownRegions = (
				en,
				Base,
			);
			mainGroup = C738C49124D7DCBF005EDEC1;
			productRefGroup = C738C49B24D7DCBF005EDEC1 /* Products */;
			projectDirPath = "";
			projectRoot = "";
			targets = (
				C738C49924D7DCBF005EDEC1 /* tip */,
				C738C4AF24D7DCC4005EDEC1 /* tipTests */,
				C738C4BA24D7DCC4005EDEC1 /* tipUITests */,
			);
		};
/* End PBXProject section */

/* Begin PBXResourcesBuildPhase section */
		C738C49824D7DCBF005EDEC1 /* Resources */ = {
			isa = PBXResourcesBuildPhase;
			buildActionMask = 2147483647;
			files = (
				C738C4AA24D7DCC3005EDEC1 /* LaunchScreen.storyboard in Resources */,
				C738C4A724D7DCC3005EDEC1 /* Assets.xcassets in Resources */,
				C738C4A524D7DCBF005EDEC1 /* Main.storyboard in Resources */,
			);
			runOnlyForDeploymentPostprocessing = 0;
		};
		C738C4AE24D7DCC4005EDEC1 /* Resources */ = {
			isa = PBXResourcesBuildPhase;
			buildActionMask = 2147483647;
			files = (
			);
			runOnlyForDeploymentPostprocessing = 0;
		};
		C738C4B924D7DCC4005EDEC1 /* Resources */ = {
			isa = PBXResourcesBuildPhase;
			buildActionMask = 2147483647;
			files = (
			);
			runOnlyForDeploymentPostprocessing = 0;
		};
/* End PBXResourcesBuildPhase section */

/* Begin PBXSourcesBuildPhase section */
		C738C49624D7DCBF005EDEC1 /* Sources */ = {
			isa = PBXSourcesBuildPhase;
			buildActionMask = 2147483647;
			files = (
				C738C4A224D7DCBF005EDEC1 /* ViewController.swift in Sources */,
				C738C49E24D7DCBF005EDEC1 /* AppDelegate.swift in Sources */,
				C738C4A024D7DCBF005EDEC1 /* SceneDelegate.swift in Sources */,
			);
			runOnlyForDeploymentPostprocessing = 0;
		};
		C738C4AC24D7DCC4005EDEC1 /* Sources */ = {
			isa = PBXSourcesBuildPhase;
			buildActionMask = 2147483647;
			files = (
				C738C4B524D7DCC4005EDEC1 /* tipTests.swift in Sources */,
			);
			runOnlyForDeploymentPostprocessing = 0;
		};
		C738C4B724D7DCC4005EDEC1 /* Sources */ = {
			isa = PBXSourcesBuildPhase;
			buildActionMask = 2147483647;
			files = (
				C738C4C024D7DCC4005EDEC1 /* tipUITests.swift in Sources */,
			);
			runOnlyForDeploymentPostprocessing = 0;
		};
/* End PBXSourcesBuildPhase section */

/* Begin PBXTargetDependency section */
		C738C4B224D7DCC4005EDEC1 /* PBXTargetDependency */ = {
			isa = PBXTargetDependency;
			target = C738C49924D7DCBF005EDEC1 /* tip */;
			targetProxy = C738C4B124D7DCC4005EDEC1 /* PBXContainerItemProxy */;
		};
		C738C4BD24D7DCC4005EDEC1 /* PBXTargetDependency */ = {
			isa = PBXTargetDependency;
			target = C738C49924D7DCBF005EDEC1 /* tip */;
			targetProxy = C738C4BC24D7DCC4005EDEC1 /* PBXContainerItemProxy */;
		};
/* End PBXTargetDependency section */

/* Begin PBXVariantGroup section */
		C738C4A324D7DCBF005EDEC1 /* Main.storyboard */ = {
			isa = PBXVariantGroup;
			children = (
				C738C4A424D7DCBF005EDEC1 /* Base */,
			);
			name = Main.storyboard;
			sourceTree = "<group>";
		};
		C738C4A824D7DCC3005EDEC1 /* LaunchScreen.storyboard */ = {
			isa = PBXVariantGroup;
			children = (
				C738C4A924D7DCC3005EDEC1 /* Base */,
			);
			name = LaunchScreen.storyboard;
			sourceTree = "<group>";
		};
/* End PBXVariantGroup section */

/* Begin XCBuildConfiguration section */
		C738C4C224D7DCC4005EDEC1 /* Debug */ = {
			isa = XCBuildConfiguration;
			buildSettings = {
				ALWAYS_SEARCH_USER_PATHS = NO;
				CLANG_ANALYZER_NONNULL = YES;
				CLANG_ANALYZER_NUMBER_OBJECT_CONVERSION = YES_AGGRESSIVE;
				CLANG_CXX_LANGUAGE_STANDARD = "gnu++14";
				CLANG_CXX_LIBRARY = "libc++";
				CLANG_ENABLE_MODULES = YES;
				CLANG_ENABLE_OBJC_ARC = YES;
				CLANG_ENABLE_OBJC_WEAK = YES;
				CLANG_WARN_BLOCK_CAPTURE_AUTORELEASING = YES;
				CLANG_WARN_BOOL_CONVERSION = YES;
				CLANG_WARN_COMMA = YES;
				CLANG_WARN_CONSTANT_CONVERSION = YES;
				CLANG_WARN_DEPRECATED_OBJC_IMPLEMENTATIONS = YES;
				CLANG_WARN_DIRECT_OBJC_ISA_USAGE = YES_ERROR;
				CLANG_WARN_DOCUMENTATION_COMMENTS = YES;
				CLANG_WARN_EMPTY_BODY = YES;
				CLANG_WARN_ENUM_CONVERSION = YES;
				CLANG_WARN_INFINITE_RECURSION = YES;
				CLANG_WARN_INT_CONVERSION = YES;
				CLANG_WARN_NON_LITERAL_NULL_CONVERSION = YES;
				CLANG_WARN_OBJC_IMPLICIT_RETAIN_SELF = YES;
				CLANG_WARN_OBJC_LITERAL_CONVERSION = YES;
				CLANG_WARN_OBJC_ROOT_CLASS = YES_ERROR;
				CLANG_WARN_RANGE_LOOP_ANALYSIS = YES;
				CLANG_WARN_STRICT_PROTOTYPES = YES;
				CLANG_WARN_SUSPICIOUS_MOVE = YES;
				CLANG_WARN_UNGUARDED_AVAILABILITY = YES_AGGRESSIVE;
				CLANG_WARN_UNREACHABLE_CODE = YES;
				CLANG_WARN__DUPLICATE_METHOD_MATCH = YES;
				COPY_PHASE_STRIP = NO;
				DEBUG_INFORMATION_FORMAT = dwarf;
				ENABLE_STRICT_OBJC_MSGSEND = YES;
				ENABLE_TESTABILITY = YES;
				GCC_C_LANGUAGE_STANDARD = gnu11;
				GCC_DYNAMIC_NO_PIC = NO;
				GCC_NO_COMMON_BLOCKS = YES;
				GCC_OPTIMIZATION_LEVEL = 0;
				GCC_PREPROCESSOR_DEFINITIONS = (
					"DEBUG=1",
					"$(inherited)",
				);
				GCC_WARN_64_TO_32_BIT_CONVERSION = YES;
				GCC_WARN_ABOUT_RETURN_TYPE = YES_ERROR;
				GCC_WARN_UNDECLARED_SELECTOR = YES;
				GCC_WARN_UNINITIALIZED_AUTOS = YES_AGGRESSIVE;
				GCC_WARN_UNUSED_FUNCTION = YES;
				GCC_WARN_UNUSED_VARIABLE = YES;
				IPHONEOS_DEPLOYMENT_TARGET = 13.6;
				MTL_ENABLE_DEBUG_INFO = INCLUDE_SOURCE;
				MTL_FAST_MATH = YES;
				ONLY_ACTIVE_ARCH = YES;
				SDKROOT = iphoneos;
				SWIFT_ACTIVE_COMPILATION_CONDITIONS = DEBUG;
				SWIFT_OPTIMIZATION_LEVEL = "-Onone";
			};
			name = Debug;
		};
		C738C4C324D7DCC4005EDEC1 /* Release */ = {
			isa = XCBuildConfiguration;
			buildSettings = {
				ALWAYS_SEARCH_USER_PATHS = NO;
				CLANG_ANALYZER_NONNULL = YES;
				CLANG_ANALYZER_NUMBER_OBJECT_CONVERSION = YES_AGGRESSIVE;
				CLANG_CXX_LANGUAGE_STANDARD = "gnu++14";
				CLANG_CXX_LIBRARY = "libc++";
				CLANG_ENABLE_MODULES = YES;
				CLANG_ENABLE_OBJC_ARC = YES;
				CLANG_ENABLE_OBJC_WEAK = YES;
				CLANG_WARN_BLOCK_CAPTURE_AUTORELEASING = YES;
				CLANG_WARN_BOOL_CONVERSION = YES;
				CLANG_WARN_COMMA = YES;
				CLANG_WARN_CONSTANT_CONVERSION = YES;
				CLANG_WARN_DEPRECATED_OBJC_IMPLEMENTATIONS = YES;
				CLANG_WARN_DIRECT_OBJC_ISA_USAGE = YES_ERROR;
				CLANG_WARN_DOCUMENTATION_COMMENTS = YES;
				CLANG_WARN_EMPTY_BODY = YES;
				CLANG_WARN_ENUM_CONVERSION = YES;
				CLANG_WARN_INFINITE_RECURSION = YES;
				CLANG_WARN_INT_CONVERSION = YES;
				CLANG_WARN_NON_LITERAL_NULL_CONVERSION = YES;
				CLANG_WARN_OBJC_IMPLICIT_RETAIN_SELF = YES;
				CLANG_WARN_OBJC_LITERAL_CONVERSION = YES;
				CLANG_WARN_OBJC_ROOT_CLASS = YES_ERROR;
				CLANG_WARN_RANGE_LOOP_ANALYSIS = YES;
				CLANG_WARN_STRICT_PROTOTYPES = YES;
				CLANG_WARN_SUSPICIOUS_MOVE = YES;
				CLANG_WARN_UNGUARDED_AVAILABILITY = YES_AGGRESSIVE;
				CLANG_WARN_UNREACHABLE_CODE = YES;
				CLANG_WARN__DUPLICATE_METHOD_MATCH = YES;
				COPY_PHASE_STRIP = NO;
				DEBUG_INFORMATION_FORMAT = "dwarf-with-dsym";
				ENABLE_NS_ASSERTIONS = NO;
				ENABLE_STRICT_OBJC_MSGSEND = YES;
				GCC_C_LANGUAGE_STANDARD = gnu11;
				GCC_NO_COMMON_BLOCKS = YES;
				GCC_WARN_64_TO_32_BIT_CONVERSION = YES;
				GCC_WARN_ABOUT_RETURN_TYPE = YES_ERROR;
				GCC_WARN_UNDECLARED_SELECTOR = YES;
				GCC_WARN_UNINITIALIZED_AUTOS = YES_AGGRESSIVE;
				GCC_WARN_UNUSED_FUNCTION = YES;
				GCC_WARN_UNUSED_VARIABLE = YES;
				IPHONEOS_DEPLOYMENT_TARGET = 13.6;
				MTL_ENABLE_DEBUG_INFO = NO;
				MTL_FAST_MATH = YES;
				SDKROOT = iphoneos;
				SWIFT_COMPILATION_MODE = wholemodule;
				SWIFT_OPTIMIZATION_LEVEL = "-O";
				VALIDATE_PRODUCT = YES;
			};
			name = Release;
		};
		C738C4C524D7DCC4005EDEC1 /* Debug */ = {
			isa = XCBuildConfiguration;
			buildSettings = {
				ASSETCATALOG_COMPILER_APPICON_NAME = AppIcon;
				CODE_SIGN_STYLE = Automatic;
				INFOPLIST_FILE = tip/Info.plist;
				LD_RUNPATH_SEARCH_PATHS = (
					"$(inherited)",
					"@executable_path/Frameworks",
				);
				PRODUCT_BUNDLE_IDENTIFIER = Codepath.tip;
				PRODUCT_NAME = "$(TARGET_NAME)";
				SWIFT_VERSION = 5.0;
				TARGETED_DEVICE_FAMILY = "1,2";
			};
			name = Debug;
		};
		C738C4C624D7DCC4005EDEC1 /* Release */ = {
			isa = XCBuildConfiguration;
			buildSettings = {
				ASSETCATALOG_COMPILER_APPICON_NAME = AppIcon;
				CODE_SIGN_STYLE = Automatic;
				INFOPLIST_FILE = tip/Info.plist;
				LD_RUNPATH_SEARCH_PATHS = (
					"$(inherited)",
					"@executable_path/Frameworks",
				);
				PRODUCT_BUNDLE_IDENTIFIER = Codepath.tip;
				PRODUCT_NAME = "$(TARGET_NAME)";
				SWIFT_VERSION = 5.0;
				TARGETED_DEVICE_FAMILY = "1,2";
			};
			name = Release;
		};
		C738C4C824D7DCC4005EDEC1 /* Debug */ = {
			isa = XCBuildConfiguration;
			buildSettings = {
				ALWAYS_EMBED_SWIFT_STANDARD_LIBRARIES = YES;
				BUNDLE_LOADER = "$(TEST_HOST)";
				CODE_SIGN_STYLE = Automatic;
				INFOPLIST_FILE = tipTests/Info.plist;
				IPHONEOS_DEPLOYMENT_TARGET = 13.6;
				LD_RUNPATH_SEARCH_PATHS = (
					"$(inherited)",
					"@executable_path/Frameworks",
					"@loader_path/Frameworks",
				);
				PRODUCT_BUNDLE_IDENTIFIER = Codepath.tipTests;
				PRODUCT_NAME = "$(TARGET_NAME)";
				SWIFT_VERSION = 5.0;
				TARGETED_DEVICE_FAMILY = "1,2";
				TEST_HOST = "$(BUILT_PRODUCTS_DIR)/tip.app/tip";
			};
			name = Debug;
		};
		C738C4C924D7DCC4005EDEC1 /* Release */ = {
			isa = XCBuildConfiguration;
			buildSettings = {
				ALWAYS_EMBED_SWIFT_STANDARD_LIBRARIES = YES;
				BUNDLE_LOADER = "$(TEST_HOST)";
				CODE_SIGN_STYLE = Automatic;
				INFOPLIST_FILE = tipTests/Info.plist;
				IPHONEOS_DEPLOYMENT_TARGET = 13.6;
				LD_RUNPATH_SEARCH_PATHS = (
					"$(inherited)",
					"@executable_path/Frameworks",
					"@loader_path/Frameworks",
				);
				PRODUCT_BUNDLE_IDENTIFIER = Codepath.tipTests;
				PRODUCT_NAME = "$(TARGET_NAME)";
				SWIFT_VERSION = 5.0;
				TARGETED_DEVICE_FAMILY = "1,2";
				TEST_HOST = "$(BUILT_PRODUCTS_DIR)/tip.app/tip";
			};
			name = Release;
		};
		C738C4CB24D7DCC4005EDEC1 /* Debug */ = {
			isa = XCBuildConfiguration;
			buildSettings = {
				ALWAYS_EMBED_SWIFT_STANDARD_LIBRARIES = YES;
				CODE_SIGN_STYLE = Automatic;
				INFOPLIST_FILE = tipUITests/Info.plist;
				LD_RUNPATH_SEARCH_PATHS = (
					"$(inherited)",
					"@executable_path/Frameworks",
					"@loader_path/Frameworks",
				);
				PRODUCT_BUNDLE_IDENTIFIER = Codepath.tipUITests;
				PRODUCT_NAME = "$(TARGET_NAME)";
				SWIFT_VERSION = 5.0;
				TARGETED_DEVICE_FAMILY = "1,2";
				TEST_TARGET_NAME = tip;
			};
			name = Debug;
		};
		C738C4CC24D7DCC4005EDEC1 /* Release */ = {
			isa = XCBuildConfiguration;
			buildSettings = {
				ALWAYS_EMBED_SWIFT_STANDARD_LIBRARIES = YES;
				CODE_SIGN_STYLE = Automatic;
				INFOPLIST_FILE = tipUITests/Info.plist;
				LD_RUNPATH_SEARCH_PATHS = (
					"$(inherited)",
					"@executable_path/Frameworks",
					"@loader_path/Frameworks",
				);
				PRODUCT_BUNDLE_IDENTIFIER = Codepath.tipUITests;
				PRODUCT_NAME = "$(TARGET_NAME)";
				SWIFT_VERSION = 5.0;
				TARGETED_DEVICE_FAMILY = "1,2";
				TEST_TARGET_NAME = tip;
			};
			name = Release;
		};
/* End XCBuildConfiguration section */

/* Begin XCConfigurationList section */
		C738C49524D7DCBF005EDEC1 /* Build configuration list for PBXProject "tip" */ = {
			isa = XCConfigurationList;
			buildConfigurations = (
				C738C4C224D7DCC4005EDEC1 /* Debug */,
				C738C4C324D7DCC4005EDEC1 /* Release */,
			);
			defaultConfigurationIsVisible = 0;
			defaultConfigurationName = Release;
		};
		C738C4C424D7DCC4005EDEC1 /* Build configuration list for PBXNativeTarget "tip" */ = {
			isa = XCConfigurationList;
			buildConfigurations = (
				C738C4C524D7DCC4005EDEC1 /* Debug */,
				C738C4C624D7DCC4005EDEC1 /* Release */,
			);
			defaultConfigurationIsVisible = 0;
			defaultConfigurationName = Release;
		};
		C738C4C724D7DCC4005EDEC1 /* Build configuration list for PBXNativeTarget "tipTests" */ = {
			isa = XCConfigurationList;
			buildConfigurations = (
				C738C4C824D7DCC4005EDEC1 /* Debug */,
				C738C4C924D7DCC4005EDEC1 /* Release */,
			);
			defaultConfigurationIsVisible = 0;
			defaultConfigurationName = Release;
		};
		C738C4CA24D7DCC4005EDEC1 /* Build configuration list for PBXNativeTarget "tipUITests" */ = {
			isa = XCConfigurationList;
			buildConfigurations = (
				C738C4CB24D7DCC4005EDEC1 /* Debug */,
				C738C4CC24D7DCC4005EDEC1 /* Release */,
			);
			defaultConfigurationIsVisible = 0;
			defaultConfigurationName = Release;
		};
/* End XCConfigurationList section */
	};
	rootObject = C738C49224D7DCBF005EDEC1 /* Project object */;
}
